
Microsoft Visual Studio Solution File, Format Version 12.00
# Visual Studio Version 17
VisualStudioVersion = 17.11.35222.181
MinimumVisualStudioVersion = 10.0.40219.1
Project("{9A19103F-16F7-4668-BE54-9A1E7A4F7556}") = "KoiCareSystem.Service", "KoiCareSystem.Service\KoiCareSystem.Service.csproj", "{869E403D-E28D-480D-ADD1-84BB9F32FC8F}"
EndProject
Project("{9A19103F-16F7-4668-BE54-9A1E7A4F7556}") = "KoiCareSystem.Common", "KoiCareSystem.Common\KoiCareSystem.Common.csproj", "{143AFE2B-E0F7-417C-BF96-681D72F2C30A}"
EndProject
Project("{9A19103F-16F7-4668-BE54-9A1E7A4F7556}") = "KoiCareSystem.RazorWebApp", "KoiCareSystem.RazorWebApp\KoiCareSystem.RazorWebApp.csproj", "{09811D7C-A68A-4B0C-B244-785D07BA6BFF}"
EndProject
Project("{9A19103F-16F7-4668-BE54-9A1E7A4F7556}") = "KoiCareSystem.Data", "KoiCareSystem.DataV1\KoiCareSystem.Data.csproj", "{A1A2DFEC-67A1-431D-BB49-3641B58FBFB7}"
EndProject
Global
	GlobalSection(SolutionConfigurationPlatforms) = preSolution
		Debug|Any CPU = Debug|Any CPU
		Release|Any CPU = Release|Any CPU
	EndGlobalSection
	GlobalSection(ProjectConfigurationPlatforms) = postSolution
		{869E403D-E28D-480D-ADD1-84BB9F32FC8F}.Debug|Any CPU.ActiveCfg = Debug|Any CPU
		{869E403D-E28D-480D-ADD1-84BB9F32FC8F}.Debug|Any CPU.Build.0 = Debug|Any CPU
		{869E403D-E28D-480D-ADD1-84BB9F32FC8F}.Release|Any CPU.ActiveCfg = Release|Any CPU
		{869E403D-E28D-480D-ADD1-84BB9F32FC8F}.Release|Any CPU.Build.0 = Release|Any CPU
		{143AFE2B-E0F7-417C-BF96-681D72F2C30A}.Debug|Any CPU.ActiveCfg = Debug|Any CPU
		{143AFE2B-E0F7-417C-BF96-681D72F2C30A}.Debug|Any CPU.Build.0 = Debug|Any CPU
		{143AFE2B-E0F7-417C-BF96-681D72F2C30A}.Release|Any CPU.ActiveCfg = Release|Any CPU
		{143AFE2B-E0F7-417C-BF96-681D72F2C30A}.Release|Any CPU.Build.0 = Release|Any CPU
		{09811D7C-A68A-4B0C-B244-785D07BA6BFF}.Debug|Any CPU.ActiveCfg = Debug|Any CPU
		{09811D7C-A68A-4B0C-B244-785D07BA6BFF}.Debug|Any CPU.Build.0 = Debug|Any CPU
		{09811D7C-A68A-4B0C-B244-785D07BA6BFF}.Release|Any CPU.ActiveCfg = Release|Any CPU
		{09811D7C-A68A-4B0C-B244-785D07BA6BFF}.Release|Any CPU.Build.0 = Release|Any CPU
		{A1A2DFEC-67A1-431D-BB49-3641B58FBFB7}.Debug|Any CPU.ActiveCfg = Debug|Any CPU
		{A1A2DFEC-67A1-431D-BB49-3641B58FBFB7}.Debug|Any CPU.Build.0 = Debug|Any CPU
		{A1A2DFEC-67A1-431D-BB49-3641B58FBFB7}.Release|Any CPU.ActiveCfg = Release|Any CPU
		{A1A2DFEC-67A1-431D-BB49-3641B58FBFB7}.Release|Any CPU.Build.0 = Release|Any CPU
	EndGlobalSection
	GlobalSection(SolutionProperties) = preSolution
		HideSolutionNode = FALSE
	EndGlobalSection
	GlobalSection(ExtensibilityGlobals) = postSolution
		SolutionGuid = {D406EB95-1D5B-4E57-BE7D-22238FA5200F}
	EndGlobalSection
EndGlobal
